
Microsoft Visual Studio Solution File, Format Version 12.00
# Visual Studio Version 16
VisualStudioVersion = 16.0.31005.135
MinimumVisualStudioVersion = 10.0.40219.1
Project("{8BC9CEB8-8B4A-11D0-8D11-00A0C91BC942}") = "hello_world", "hello_world\hello_world.vcxproj", "{74E9B456-F175-49AF-A0CE-E3D1D4E7DAB6}"
EndProject
Project("{8BC9CEB8-8B4A-11D0-8D11-00A0C91BC942}") = "input_output", "input_output\input_output.vcxproj", "{807E116C-8F66-444C-B1A4-BC1FFB5EBE5E}"
EndProject
Project("{8BC9CEB8-8B4A-11D0-8D11-00A0C91BC942}") = "basic_types", "basic_types\basic_types.vcxproj", "{2A0C16E8-A256-48FE-9BD5-5DE337F4E070}"
EndProject
Project("{8BC9CEB8-8B4A-11D0-8D11-00A0C91BC942}") = "conditional_statements", "conditional_statements\conditional_statements.vcxproj", "{3E05D943-4078-4DB9-B1CF-DDF34BDEF698}"
EndProject
Project("{8BC9CEB8-8B4A-11D0-8D11-00A0C91BC942}") = "for_loop", "for_loop\for_loop.vcxproj", "{43439732-25A6-4A04-A018-28B0512AD8E9}"
EndProject
Project("{8BC9CEB8-8B4A-11D0-8D11-00A0C91BC942}") = "functions", "functions\functions.vcxproj", "{6E345667-61A8-48BD-947E-4EF032EA0DA0}"
EndProject
Project("{8BC9CEB8-8B4A-11D0-8D11-00A0C91BC942}") = "pointers", "pointers\pointers.vcxproj", "{3B6ABDFE-C931-4F3D-B459-1B74F4FF1E32}"
EndProject
Project("{8BC9CEB8-8B4A-11D0-8D11-00A0C91BC942}") = "arrays", "arrays\arrays.vcxproj", "{3EDD481B-BA79-4C01-8E58-DF3F34B8BA2D}"
EndProject
Project("{8BC9CEB8-8B4A-11D0-8D11-00A0C91BC942}") = "variable_sized_arrays", "variable_sized_arrays\variable_sized_arrays.vcxproj", "{E418AFA9-BE41-47CE-BDDC-07D473CD5447}"
EndProject
Project("{8BC9CEB8-8B4A-11D0-8D11-00A0C91BC942}") = "string_stream", "string_stream\string_stream.vcxproj", "{2BF79518-B4B8-43CC-AC76-77810EE0FD5C}"
EndProject
Project("{8BC9CEB8-8B4A-11D0-8D11-00A0C91BC942}") = "strings", "strings\strings.vcxproj", "{17BABDE5-3C74-4CA6-AF18-FED66623CFA2}"
EndProject
Project("{8BC9CEB8-8B4A-11D0-8D11-00A0C91BC942}") = "structs", "structs\structs.vcxproj", "{3123436C-F427-4AA7-BF5A-EA23E7AEDB55}"
EndProject
Project("{8BC9CEB8-8B4A-11D0-8D11-00A0C91BC942}") = "class", "class\class.vcxproj", "{068F8184-DEBD-4759-8EE3-4176A41D16A3}"
EndProject
Project("{8BC9CEB8-8B4A-11D0-8D11-00A0C91BC942}") = "classes_and_objects", "classes_and_objects\classes_and_objects.vcxproj", "{2CB4E0E9-D684-4DEA-A331-CF0F3F66E97E}"
EndProject
Project("{8BC9CEB8-8B4A-11D0-8D11-00A0C91BC942}") = "box", "box\box.vcxproj", "{DC8738B1-6A0A-4075-A66A-21B4329DE8A6}"
EndProject
Project("{8BC9CEB8-8B4A-11D0-8D11-00A0C91BC942}") = "inherited_code", "inherited_code\inherited_code.vcxproj", "{8F6044D2-ABDC-4036-9F71-70DA217D963C}"
EndProject
Project("{8BC9CEB8-8B4A-11D0-8D11-00A0C91BC942}") = "exception", "exception\exception.vcxproj", "{4C284C23-7CC1-4C23-871D-2ADD2B8FF2D9}"
EndProject
Project("{8BC9CEB8-8B4A-11D0-8D11-00A0C91BC942}") = "virtual_functions", "virtual_functions\virtual_functions.vcxproj", "{F8117FFB-B164-4A41-B230-A9C69F0E01EA}"
EndProject
Project("{8BC9CEB8-8B4A-11D0-8D11-00A0C91BC942}") = "abstract_classes_poly", "abstract_classes_poly\abstract_classes_poly.vcxproj", "{FD51878E-A2DD-40CE-9104-08FA2CB16609}"
EndProject
Project("{8BC9CEB8-8B4A-11D0-8D11-00A0C91BC942}") = "vector_sort", "vector_sort\vector_sort.vcxproj", "{CB5FA6CF-FBF2-4A6D-8DA2-5DA6F388395D}"
EndProject
Project("{8BC9CEB8-8B4A-11D0-8D11-00A0C91BC942}") = "vector_erase", "vector_erasse\vector_erasse.vcxproj", "{992BB6D7-967A-4C45-AD2E-B3F6C79D4F4C}"
EndProject
Project("{8BC9CEB8-8B4A-11D0-8D11-00A0C91BC942}") = "lower_bound_stl", "lower_bound_stl\lower_bound_stl.vcxproj", "{60F9F080-B19B-411A-AB58-AA6419C02927}"
EndProject
Project("{8BC9CEB8-8B4A-11D0-8D11-00A0C91BC942}") = "sets_stl", "sets_stl\sets_stl.vcxproj", "{C8A9991A-5AF3-4831-AE14-60654E56830D}"
EndProject
Project("{8BC9CEB8-8B4A-11D0-8D11-00A0C91BC942}") = "maps_stl", "maps_stl\maps_stl.vcxproj", "{330A9A7A-2522-47EC-A04A-C583CA58EBDF}"
EndProject
Project("{8BC9CEB8-8B4A-11D0-8D11-00A0C91BC942}") = "print_pretty", "print_pretty\print_pretty.vcxproj", "{030FF7C9-3687-4937-B3BA-5C4DDB3C8A21}"
EndProject
Project("{8BC9CEB8-8B4A-11D0-8D11-00A0C91BC942}") = "deque_stl", "deque_stl\deque_stl.vcxproj", "{F54FDE95-560B-4E2A-9D1D-9D684F350450}"
EndProject
Project("{8BC9CEB8-8B4A-11D0-8D11-00A0C91BC942}") = "inheratance_intro", "inheratance_intro\inheratance_intro.vcxproj", "{B0A7E48C-A926-4ACC-B726-F629D269E95A}"
EndProject
Project("{8BC9CEB8-8B4A-11D0-8D11-00A0C91BC942}") = "cpp_exception", "cpp_exception\cpp_exception.vcxproj", "{1371B861-1691-406C-99F0-542D800DB79D}"
EndProject
Project("{8BC9CEB8-8B4A-11D0-8D11-00A0C91BC942}") = "rectangle_area", "rectangle_area\rectangle_area.vcxproj", "{6FAB33AE-C04A-4A37-8809-620F0F448010}"
EndProject
Project("{8BC9CEB8-8B4A-11D0-8D11-00A0C91BC942}") = "multi_level_inheritance", "multi_level_inheritance\multi_level_inheritance.vcxproj", "{F57182C0-B64E-40E4-9170-62C048FCA499}"
EndProject
Project("{8BC9CEB8-8B4A-11D0-8D11-00A0C91BC942}") = "overload_ostream", "overload_ostream\overload_ostream.vcxproj", "{F0445EEA-B241-4825-BF03-A3AE89F61477}"
EndProject
Project("{8BC9CEB8-8B4A-11D0-8D11-00A0C91BC942}") = "cpp_class_templates", "cpp_class_templates\cpp_class_templates.vcxproj", "{21200AC8-C7EB-4DAC-A229-045DAB6B33D8}"
EndProject
Project("{8BC9CEB8-8B4A-11D0-8D11-00A0C91BC942}") = "preprocessor", "preprocessor\preprocessor.vcxproj", "{CEC3F6B9-580A-4FB9-BD31-1BE44EE1ED75}"
EndProject
Project("{8BC9CEB8-8B4A-11D0-8D11-00A0C91BC942}") = "operator_overloading", "operator_overloading\operator_overloading.vcxproj", "{EB1EEAC8-F4F5-446A-8A0F-5F74697D35AB}"
EndProject
Project("{8BC9CEB8-8B4A-11D0-8D11-00A0C91BC942}") = "overload_operators", "overload_operators\overload_operators.vcxproj", "{48C45E32-C6ED-4BC3-94A7-F06CB207E5B8}"
EndProject
Global
	GlobalSection(SolutionConfigurationPlatforms) = preSolution
		Debug|x64 = Debug|x64
		Debug|x86 = Debug|x86
		Release|x64 = Release|x64
		Release|x86 = Release|x86
	EndGlobalSection
	GlobalSection(ProjectConfigurationPlatforms) = postSolution
		{74E9B456-F175-49AF-A0CE-E3D1D4E7DAB6}.Debug|x64.ActiveCfg = Debug|x64
		{74E9B456-F175-49AF-A0CE-E3D1D4E7DAB6}.Debug|x64.Build.0 = Debug|x64
		{74E9B456-F175-49AF-A0CE-E3D1D4E7DAB6}.Debug|x86.ActiveCfg = Debug|Win32
		{74E9B456-F175-49AF-A0CE-E3D1D4E7DAB6}.Debug|x86.Build.0 = Debug|Win32
		{74E9B456-F175-49AF-A0CE-E3D1D4E7DAB6}.Release|x64.ActiveCfg = Release|x64
		{74E9B456-F175-49AF-A0CE-E3D1D4E7DAB6}.Release|x64.Build.0 = Release|x64
		{74E9B456-F175-49AF-A0CE-E3D1D4E7DAB6}.Release|x86.ActiveCfg = Release|Win32
		{74E9B456-F175-49AF-A0CE-E3D1D4E7DAB6}.Release|x86.Build.0 = Release|Win32
		{807E116C-8F66-444C-B1A4-BC1FFB5EBE5E}.Debug|x64.ActiveCfg = Debug|x64
		{807E116C-8F66-444C-B1A4-BC1FFB5EBE5E}.Debug|x64.Build.0 = Debug|x64
		{807E116C-8F66-444C-B1A4-BC1FFB5EBE5E}.Debug|x86.ActiveCfg = Debug|Win32
		{807E116C-8F66-444C-B1A4-BC1FFB5EBE5E}.Debug|x86.Build.0 = Debug|Win32
		{807E116C-8F66-444C-B1A4-BC1FFB5EBE5E}.Release|x64.ActiveCfg = Release|x64
		{807E116C-8F66-444C-B1A4-BC1FFB5EBE5E}.Release|x64.Build.0 = Release|x64
		{807E116C-8F66-444C-B1A4-BC1FFB5EBE5E}.Release|x86.ActiveCfg = Release|Win32
		{807E116C-8F66-444C-B1A4-BC1FFB5EBE5E}.Release|x86.Build.0 = Release|Win32
		{2A0C16E8-A256-48FE-9BD5-5DE337F4E070}.Debug|x64.ActiveCfg = Debug|x64
		{2A0C16E8-A256-48FE-9BD5-5DE337F4E070}.Debug|x64.Build.0 = Debug|x64
		{2A0C16E8-A256-48FE-9BD5-5DE337F4E070}.Debug|x86.ActiveCfg = Debug|Win32
		{2A0C16E8-A256-48FE-9BD5-5DE337F4E070}.Debug|x86.Build.0 = Debug|Win32
		{2A0C16E8-A256-48FE-9BD5-5DE337F4E070}.Release|x64.ActiveCfg = Release|x64
		{2A0C16E8-A256-48FE-9BD5-5DE337F4E070}.Release|x64.Build.0 = Release|x64
		{2A0C16E8-A256-48FE-9BD5-5DE337F4E070}.Release|x86.ActiveCfg = Release|Win32
		{2A0C16E8-A256-48FE-9BD5-5DE337F4E070}.Release|x86.Build.0 = Release|Win32
		{3E05D943-4078-4DB9-B1CF-DDF34BDEF698}.Debug|x64.ActiveCfg = Debug|x64
		{3E05D943-4078-4DB9-B1CF-DDF34BDEF698}.Debug|x64.Build.0 = Debug|x64
		{3E05D943-4078-4DB9-B1CF-DDF34BDEF698}.Debug|x86.ActiveCfg = Debug|Win32
		{3E05D943-4078-4DB9-B1CF-DDF34BDEF698}.Debug|x86.Build.0 = Debug|Win32
		{3E05D943-4078-4DB9-B1CF-DDF34BDEF698}.Release|x64.ActiveCfg = Release|x64
		{3E05D943-4078-4DB9-B1CF-DDF34BDEF698}.Release|x64.Build.0 = Release|x64
		{3E05D943-4078-4DB9-B1CF-DDF34BDEF698}.Release|x86.ActiveCfg = Release|Win32
		{3E05D943-4078-4DB9-B1CF-DDF34BDEF698}.Release|x86.Build.0 = Release|Win32
		{43439732-25A6-4A04-A018-28B0512AD8E9}.Debug|x64.ActiveCfg = Debug|x64
		{43439732-25A6-4A04-A018-28B0512AD8E9}.Debug|x64.Build.0 = Debug|x64
		{43439732-25A6-4A04-A018-28B0512AD8E9}.Debug|x86.ActiveCfg = Debug|Win32
		{43439732-25A6-4A04-A018-28B0512AD8E9}.Debug|x86.Build.0 = Debug|Win32
		{43439732-25A6-4A04-A018-28B0512AD8E9}.Release|x64.ActiveCfg = Release|x64
		{43439732-25A6-4A04-A018-28B0512AD8E9}.Release|x64.Build.0 = Release|x64
		{43439732-25A6-4A04-A018-28B0512AD8E9}.Release|x86.ActiveCfg = Release|Win32
		{43439732-25A6-4A04-A018-28B0512AD8E9}.Release|x86.Build.0 = Release|Win32
		{6E345667-61A8-48BD-947E-4EF032EA0DA0}.Debug|x64.ActiveCfg = Debug|x64
		{6E345667-61A8-48BD-947E-4EF032EA0DA0}.Debug|x64.Build.0 = Debug|x64
		{6E345667-61A8-48BD-947E-4EF032EA0DA0}.Debug|x86.ActiveCfg = Debug|Win32
		{6E345667-61A8-48BD-947E-4EF032EA0DA0}.Debug|x86.Build.0 = Debug|Win32
		{6E345667-61A8-48BD-947E-4EF032EA0DA0}.Release|x64.ActiveCfg = Release|x64
		{6E345667-61A8-48BD-947E-4EF032EA0DA0}.Release|x64.Build.0 = Release|x64
		{6E345667-61A8-48BD-947E-4EF032EA0DA0}.Release|x86.ActiveCfg = Release|Win32
		{6E345667-61A8-48BD-947E-4EF032EA0DA0}.Release|x86.Build.0 = Release|Win32
		{3B6ABDFE-C931-4F3D-B459-1B74F4FF1E32}.Debug|x64.ActiveCfg = Debug|x64
		{3B6ABDFE-C931-4F3D-B459-1B74F4FF1E32}.Debug|x64.Build.0 = Debug|x64
		{3B6ABDFE-C931-4F3D-B459-1B74F4FF1E32}.Debug|x86.ActiveCfg = Debug|Win32
		{3B6ABDFE-C931-4F3D-B459-1B74F4FF1E32}.Debug|x86.Build.0 = Debug|Win32
		{3B6ABDFE-C931-4F3D-B459-1B74F4FF1E32}.Release|x64.ActiveCfg = Release|x64
		{3B6ABDFE-C931-4F3D-B459-1B74F4FF1E32}.Release|x64.Build.0 = Release|x64
		{3B6ABDFE-C931-4F3D-B459-1B74F4FF1E32}.Release|x86.ActiveCfg = Release|Win32
		{3B6ABDFE-C931-4F3D-B459-1B74F4FF1E32}.Release|x86.Build.0 = Release|Win32
		{3EDD481B-BA79-4C01-8E58-DF3F34B8BA2D}.Debug|x64.ActiveCfg = Debug|x64
		{3EDD481B-BA79-4C01-8E58-DF3F34B8BA2D}.Debug|x64.Build.0 = Debug|x64
		{3EDD481B-BA79-4C01-8E58-DF3F34B8BA2D}.Debug|x86.ActiveCfg = Debug|Win32
		{3EDD481B-BA79-4C01-8E58-DF3F34B8BA2D}.Debug|x86.Build.0 = Debug|Win32
		{3EDD481B-BA79-4C01-8E58-DF3F34B8BA2D}.Release|x64.ActiveCfg = Release|x64
		{3EDD481B-BA79-4C01-8E58-DF3F34B8BA2D}.Release|x64.Build.0 = Release|x64
		{3EDD481B-BA79-4C01-8E58-DF3F34B8BA2D}.Release|x86.ActiveCfg = Release|Win32
		{3EDD481B-BA79-4C01-8E58-DF3F34B8BA2D}.Release|x86.Build.0 = Release|Win32
		{E418AFA9-BE41-47CE-BDDC-07D473CD5447}.Debug|x64.ActiveCfg = Debug|x64
		{E418AFA9-BE41-47CE-BDDC-07D473CD5447}.Debug|x64.Build.0 = Debug|x64
		{E418AFA9-BE41-47CE-BDDC-07D473CD5447}.Debug|x86.ActiveCfg = Debug|Win32
		{E418AFA9-BE41-47CE-BDDC-07D473CD5447}.Debug|x86.Build.0 = Debug|Win32
		{E418AFA9-BE41-47CE-BDDC-07D473CD5447}.Release|x64.ActiveCfg = Release|x64
		{E418AFA9-BE41-47CE-BDDC-07D473CD5447}.Release|x64.Build.0 = Release|x64
		{E418AFA9-BE41-47CE-BDDC-07D473CD5447}.Release|x86.ActiveCfg = Release|Win32
		{E418AFA9-BE41-47CE-BDDC-07D473CD5447}.Release|x86.Build.0 = Release|Win32
		{2BF79518-B4B8-43CC-AC76-77810EE0FD5C}.Debug|x64.ActiveCfg = Debug|x64
		{2BF79518-B4B8-43CC-AC76-77810EE0FD5C}.Debug|x64.Build.0 = Debug|x64
		{2BF79518-B4B8-43CC-AC76-77810EE0FD5C}.Debug|x86.ActiveCfg = Debug|Win32
		{2BF79518-B4B8-43CC-AC76-77810EE0FD5C}.Debug|x86.Build.0 = Debug|Win32
		{2BF79518-B4B8-43CC-AC76-77810EE0FD5C}.Release|x64.ActiveCfg = Release|x64
		{2BF79518-B4B8-43CC-AC76-77810EE0FD5C}.Release|x64.Build.0 = Release|x64
		{2BF79518-B4B8-43CC-AC76-77810EE0FD5C}.Release|x86.ActiveCfg = Release|Win32
		{2BF79518-B4B8-43CC-AC76-77810EE0FD5C}.Release|x86.Build.0 = Release|Win32
		{17BABDE5-3C74-4CA6-AF18-FED66623CFA2}.Debug|x64.ActiveCfg = Debug|x64
		{17BABDE5-3C74-4CA6-AF18-FED66623CFA2}.Debug|x64.Build.0 = Debug|x64
		{17BABDE5-3C74-4CA6-AF18-FED66623CFA2}.Debug|x86.ActiveCfg = Debug|Win32
		{17BABDE5-3C74-4CA6-AF18-FED66623CFA2}.Debug|x86.Build.0 = Debug|Win32
		{17BABDE5-3C74-4CA6-AF18-FED66623CFA2}.Release|x64.ActiveCfg = Release|x64
		{17BABDE5-3C74-4CA6-AF18-FED66623CFA2}.Release|x64.Build.0 = Release|x64
		{17BABDE5-3C74-4CA6-AF18-FED66623CFA2}.Release|x86.ActiveCfg = Release|Win32
		{17BABDE5-3C74-4CA6-AF18-FED66623CFA2}.Release|x86.Build.0 = Release|Win32
		{3123436C-F427-4AA7-BF5A-EA23E7AEDB55}.Debug|x64.ActiveCfg = Debug|x64
		{3123436C-F427-4AA7-BF5A-EA23E7AEDB55}.Debug|x64.Build.0 = Debug|x64
		{3123436C-F427-4AA7-BF5A-EA23E7AEDB55}.Debug|x86.ActiveCfg = Debug|Win32
		{3123436C-F427-4AA7-BF5A-EA23E7AEDB55}.Debug|x86.Build.0 = Debug|Win32
		{3123436C-F427-4AA7-BF5A-EA23E7AEDB55}.Release|x64.ActiveCfg = Release|x64
		{3123436C-F427-4AA7-BF5A-EA23E7AEDB55}.Release|x64.Build.0 = Release|x64
		{3123436C-F427-4AA7-BF5A-EA23E7AEDB55}.Release|x86.ActiveCfg = Release|Win32
		{3123436C-F427-4AA7-BF5A-EA23E7AEDB55}.Release|x86.Build.0 = Release|Win32
		{068F8184-DEBD-4759-8EE3-4176A41D16A3}.Debug|x64.ActiveCfg = Debug|x64
		{068F8184-DEBD-4759-8EE3-4176A41D16A3}.Debug|x64.Build.0 = Debug|x64
		{068F8184-DEBD-4759-8EE3-4176A41D16A3}.Debug|x86.ActiveCfg = Debug|Win32
		{068F8184-DEBD-4759-8EE3-4176A41D16A3}.Debug|x86.Build.0 = Debug|Win32
		{068F8184-DEBD-4759-8EE3-4176A41D16A3}.Release|x64.ActiveCfg = Release|x64
		{068F8184-DEBD-4759-8EE3-4176A41D16A3}.Release|x64.Build.0 = Release|x64
		{068F8184-DEBD-4759-8EE3-4176A41D16A3}.Release|x86.ActiveCfg = Release|Win32
		{068F8184-DEBD-4759-8EE3-4176A41D16A3}.Release|x86.Build.0 = Release|Win32
		{2CB4E0E9-D684-4DEA-A331-CF0F3F66E97E}.Debug|x64.ActiveCfg = Debug|x64
		{2CB4E0E9-D684-4DEA-A331-CF0F3F66E97E}.Debug|x64.Build.0 = Debug|x64
		{2CB4E0E9-D684-4DEA-A331-CF0F3F66E97E}.Debug|x86.ActiveCfg = Debug|Win32
		{2CB4E0E9-D684-4DEA-A331-CF0F3F66E97E}.Debug|x86.Build.0 = Debug|Win32
		{2CB4E0E9-D684-4DEA-A331-CF0F3F66E97E}.Release|x64.ActiveCfg = Release|x64
		{2CB4E0E9-D684-4DEA-A331-CF0F3F66E97E}.Release|x64.Build.0 = Release|x64
		{2CB4E0E9-D684-4DEA-A331-CF0F3F66E97E}.Release|x86.ActiveCfg = Release|Win32
		{2CB4E0E9-D684-4DEA-A331-CF0F3F66E97E}.Release|x86.Build.0 = Release|Win32
		{DC8738B1-6A0A-4075-A66A-21B4329DE8A6}.Debug|x64.ActiveCfg = Debug|x64
		{DC8738B1-6A0A-4075-A66A-21B4329DE8A6}.Debug|x64.Build.0 = Debug|x64
		{DC8738B1-6A0A-4075-A66A-21B4329DE8A6}.Debug|x86.ActiveCfg = Debug|Win32
		{DC8738B1-6A0A-4075-A66A-21B4329DE8A6}.Debug|x86.Build.0 = Debug|Win32
		{DC8738B1-6A0A-4075-A66A-21B4329DE8A6}.Release|x64.ActiveCfg = Release|x64
		{DC8738B1-6A0A-4075-A66A-21B4329DE8A6}.Release|x64.Build.0 = Release|x64
		{DC8738B1-6A0A-4075-A66A-21B4329DE8A6}.Release|x86.ActiveCfg = Release|Win32
		{DC8738B1-6A0A-4075-A66A-21B4329DE8A6}.Release|x86.Build.0 = Release|Win32
		{8F6044D2-ABDC-4036-9F71-70DA217D963C}.Debug|x64.ActiveCfg = Debug|x64
		{8F6044D2-ABDC-4036-9F71-70DA217D963C}.Debug|x64.Build.0 = Debug|x64
		{8F6044D2-ABDC-4036-9F71-70DA217D963C}.Debug|x86.ActiveCfg = Debug|Win32
		{8F6044D2-ABDC-4036-9F71-70DA217D963C}.Debug|x86.Build.0 = Debug|Win32
		{8F6044D2-ABDC-4036-9F71-70DA217D963C}.Release|x64.ActiveCfg = Release|x64
		{8F6044D2-ABDC-4036-9F71-70DA217D963C}.Release|x64.Build.0 = Release|x64
		{8F6044D2-ABDC-4036-9F71-70DA217D963C}.Release|x86.ActiveCfg = Release|Win32
		{8F6044D2-ABDC-4036-9F71-70DA217D963C}.Release|x86.Build.0 = Release|Win32
		{4C284C23-7CC1-4C23-871D-2ADD2B8FF2D9}.Debug|x64.ActiveCfg = Debug|x64
		{4C284C23-7CC1-4C23-871D-2ADD2B8FF2D9}.Debug|x64.Build.0 = Debug|x64
		{4C284C23-7CC1-4C23-871D-2ADD2B8FF2D9}.Debug|x86.ActiveCfg = Debug|Win32
		{4C284C23-7CC1-4C23-871D-2ADD2B8FF2D9}.Debug|x86.Build.0 = Debug|Win32
		{4C284C23-7CC1-4C23-871D-2ADD2B8FF2D9}.Release|x64.ActiveCfg = Release|x64
		{4C284C23-7CC1-4C23-871D-2ADD2B8FF2D9}.Release|x64.Build.0 = Release|x64
		{4C284C23-7CC1-4C23-871D-2ADD2B8FF2D9}.Release|x86.ActiveCfg = Release|Win32
		{4C284C23-7CC1-4C23-871D-2ADD2B8FF2D9}.Release|x86.Build.0 = Release|Win32
		{F8117FFB-B164-4A41-B230-A9C69F0E01EA}.Debug|x64.ActiveCfg = Debug|x64
		{F8117FFB-B164-4A41-B230-A9C69F0E01EA}.Debug|x64.Build.0 = Debug|x64
		{F8117FFB-B164-4A41-B230-A9C69F0E01EA}.Debug|x86.ActiveCfg = Debug|Win32
		{F8117FFB-B164-4A41-B230-A9C69F0E01EA}.Debug|x86.Build.0 = Debug|Win32
		{F8117FFB-B164-4A41-B230-A9C69F0E01EA}.Release|x64.ActiveCfg = Release|x64
		{F8117FFB-B164-4A41-B230-A9C69F0E01EA}.Release|x64.Build.0 = Release|x64
		{F8117FFB-B164-4A41-B230-A9C69F0E01EA}.Release|x86.ActiveCfg = Release|Win32
		{F8117FFB-B164-4A41-B230-A9C69F0E01EA}.Release|x86.Build.0 = Release|Win32
		{FD51878E-A2DD-40CE-9104-08FA2CB16609}.Debug|x64.ActiveCfg = Debug|x64
		{FD51878E-A2DD-40CE-9104-08FA2CB16609}.Debug|x64.Build.0 = Debug|x64
		{FD51878E-A2DD-40CE-9104-08FA2CB16609}.Debug|x86.ActiveCfg = Debug|Win32
		{FD51878E-A2DD-40CE-9104-08FA2CB16609}.Debug|x86.Build.0 = Debug|Win32
		{FD51878E-A2DD-40CE-9104-08FA2CB16609}.Release|x64.ActiveCfg = Release|x64
		{FD51878E-A2DD-40CE-9104-08FA2CB16609}.Release|x64.Build.0 = Release|x64
		{FD51878E-A2DD-40CE-9104-08FA2CB16609}.Release|x86.ActiveCfg = Release|Win32
		{FD51878E-A2DD-40CE-9104-08FA2CB16609}.Release|x86.Build.0 = Release|Win32
		{CB5FA6CF-FBF2-4A6D-8DA2-5DA6F388395D}.Debug|x64.ActiveCfg = Debug|x64
		{CB5FA6CF-FBF2-4A6D-8DA2-5DA6F388395D}.Debug|x64.Build.0 = Debug|x64
		{CB5FA6CF-FBF2-4A6D-8DA2-5DA6F388395D}.Debug|x86.ActiveCfg = Debug|Win32
		{CB5FA6CF-FBF2-4A6D-8DA2-5DA6F388395D}.Debug|x86.Build.0 = Debug|Win32
		{CB5FA6CF-FBF2-4A6D-8DA2-5DA6F388395D}.Release|x64.ActiveCfg = Release|x64
		{CB5FA6CF-FBF2-4A6D-8DA2-5DA6F388395D}.Release|x64.Build.0 = Release|x64
		{CB5FA6CF-FBF2-4A6D-8DA2-5DA6F388395D}.Release|x86.ActiveCfg = Release|Win32
		{CB5FA6CF-FBF2-4A6D-8DA2-5DA6F388395D}.Release|x86.Build.0 = Release|Win32
		{992BB6D7-967A-4C45-AD2E-B3F6C79D4F4C}.Debug|x64.ActiveCfg = Debug|x64
		{992BB6D7-967A-4C45-AD2E-B3F6C79D4F4C}.Debug|x64.Build.0 = Debug|x64
		{992BB6D7-967A-4C45-AD2E-B3F6C79D4F4C}.Debug|x86.ActiveCfg = Debug|Win32
		{992BB6D7-967A-4C45-AD2E-B3F6C79D4F4C}.Debug|x86.Build.0 = Debug|Win32
		{992BB6D7-967A-4C45-AD2E-B3F6C79D4F4C}.Release|x64.ActiveCfg = Release|x64
		{992BB6D7-967A-4C45-AD2E-B3F6C79D4F4C}.Release|x64.Build.0 = Release|x64
		{992BB6D7-967A-4C45-AD2E-B3F6C79D4F4C}.Release|x86.ActiveCfg = Release|Win32
		{992BB6D7-967A-4C45-AD2E-B3F6C79D4F4C}.Release|x86.Build.0 = Release|Win32
		{60F9F080-B19B-411A-AB58-AA6419C02927}.Debug|x64.ActiveCfg = Debug|x64
		{60F9F080-B19B-411A-AB58-AA6419C02927}.Debug|x64.Build.0 = Debug|x64
		{60F9F080-B19B-411A-AB58-AA6419C02927}.Debug|x86.ActiveCfg = Debug|Win32
		{60F9F080-B19B-411A-AB58-AA6419C02927}.Debug|x86.Build.0 = Debug|Win32
		{60F9F080-B19B-411A-AB58-AA6419C02927}.Release|x64.ActiveCfg = Release|x64
		{60F9F080-B19B-411A-AB58-AA6419C02927}.Release|x64.Build.0 = Release|x64
		{60F9F080-B19B-411A-AB58-AA6419C02927}.Release|x86.ActiveCfg = Release|Win32
		{60F9F080-B19B-411A-AB58-AA6419C02927}.Release|x86.Build.0 = Release|Win32
		{C8A9991A-5AF3-4831-AE14-60654E56830D}.Debug|x64.ActiveCfg = Debug|x64
		{C8A9991A-5AF3-4831-AE14-60654E56830D}.Debug|x64.Build.0 = Debug|x64
		{C8A9991A-5AF3-4831-AE14-60654E56830D}.Debug|x86.ActiveCfg = Debug|Win32
		{C8A9991A-5AF3-4831-AE14-60654E56830D}.Debug|x86.Build.0 = Debug|Win32
		{C8A9991A-5AF3-4831-AE14-60654E56830D}.Release|x64.ActiveCfg = Release|x64
		{C8A9991A-5AF3-4831-AE14-60654E56830D}.Release|x64.Build.0 = Release|x64
		{C8A9991A-5AF3-4831-AE14-60654E56830D}.Release|x86.ActiveCfg = Release|Win32
		{C8A9991A-5AF3-4831-AE14-60654E56830D}.Release|x86.Build.0 = Release|Win32
		{330A9A7A-2522-47EC-A04A-C583CA58EBDF}.Debug|x64.ActiveCfg = Debug|x64
		{330A9A7A-2522-47EC-A04A-C583CA58EBDF}.Debug|x64.Build.0 = Debug|x64
		{330A9A7A-2522-47EC-A04A-C583CA58EBDF}.Debug|x86.ActiveCfg = Debug|Win32
		{330A9A7A-2522-47EC-A04A-C583CA58EBDF}.Debug|x86.Build.0 = Debug|Win32
		{330A9A7A-2522-47EC-A04A-C583CA58EBDF}.Release|x64.ActiveCfg = Release|x64
		{330A9A7A-2522-47EC-A04A-C583CA58EBDF}.Release|x64.Build.0 = Release|x64
		{330A9A7A-2522-47EC-A04A-C583CA58EBDF}.Release|x86.ActiveCfg = Release|Win32
		{330A9A7A-2522-47EC-A04A-C583CA58EBDF}.Release|x86.Build.0 = Release|Win32
		{030FF7C9-3687-4937-B3BA-5C4DDB3C8A21}.Debug|x64.ActiveCfg = Debug|x64
		{030FF7C9-3687-4937-B3BA-5C4DDB3C8A21}.Debug|x64.Build.0 = Debug|x64
		{030FF7C9-3687-4937-B3BA-5C4DDB3C8A21}.Debug|x86.ActiveCfg = Debug|Win32
		{030FF7C9-3687-4937-B3BA-5C4DDB3C8A21}.Debug|x86.Build.0 = Debug|Win32
		{030FF7C9-3687-4937-B3BA-5C4DDB3C8A21}.Release|x64.ActiveCfg = Release|x64
		{030FF7C9-3687-4937-B3BA-5C4DDB3C8A21}.Release|x64.Build.0 = Release|x64
		{030FF7C9-3687-4937-B3BA-5C4DDB3C8A21}.Release|x86.ActiveCfg = Release|Win32
		{030FF7C9-3687-4937-B3BA-5C4DDB3C8A21}.Release|x86.Build.0 = Release|Win32
		{F54FDE95-560B-4E2A-9D1D-9D684F350450}.Debug|x64.ActiveCfg = Debug|x64
		{F54FDE95-560B-4E2A-9D1D-9D684F350450}.Debug|x64.Build.0 = Debug|x64
		{F54FDE95-560B-4E2A-9D1D-9D684F350450}.Debug|x86.ActiveCfg = Debug|Win32
		{F54FDE95-560B-4E2A-9D1D-9D684F350450}.Debug|x86.Build.0 = Debug|Win32
		{F54FDE95-560B-4E2A-9D1D-9D684F350450}.Release|x64.ActiveCfg = Release|x64
		{F54FDE95-560B-4E2A-9D1D-9D684F350450}.Release|x64.Build.0 = Release|x64
		{F54FDE95-560B-4E2A-9D1D-9D684F350450}.Release|x86.ActiveCfg = Release|Win32
		{F54FDE95-560B-4E2A-9D1D-9D684F350450}.Release|x86.Build.0 = Release|Win32
		{B0A7E48C-A926-4ACC-B726-F629D269E95A}.Debug|x64.ActiveCfg = Debug|x64
		{B0A7E48C-A926-4ACC-B726-F629D269E95A}.Debug|x64.Build.0 = Debug|x64
		{B0A7E48C-A926-4ACC-B726-F629D269E95A}.Debug|x86.ActiveCfg = Debug|Win32
		{B0A7E48C-A926-4ACC-B726-F629D269E95A}.Debug|x86.Build.0 = Debug|Win32
		{B0A7E48C-A926-4ACC-B726-F629D269E95A}.Release|x64.ActiveCfg = Release|x64
		{B0A7E48C-A926-4ACC-B726-F629D269E95A}.Release|x64.Build.0 = Release|x64
		{B0A7E48C-A926-4ACC-B726-F629D269E95A}.Release|x86.ActiveCfg = Release|Win32
		{B0A7E48C-A926-4ACC-B726-F629D269E95A}.Release|x86.Build.0 = Release|Win32
		{1371B861-1691-406C-99F0-542D800DB79D}.Debug|x64.ActiveCfg = Debug|x64
		{1371B861-1691-406C-99F0-542D800DB79D}.Debug|x64.Build.0 = Debug|x64
		{1371B861-1691-406C-99F0-542D800DB79D}.Debug|x86.ActiveCfg = Debug|Win32
		{1371B861-1691-406C-99F0-542D800DB79D}.Debug|x86.Build.0 = Debug|Win32
		{1371B861-1691-406C-99F0-542D800DB79D}.Release|x64.ActiveCfg = Release|x64
		{1371B861-1691-406C-99F0-542D800DB79D}.Release|x64.Build.0 = Release|x64
		{1371B861-1691-406C-99F0-542D800DB79D}.Release|x86.ActiveCfg = Release|Win32
		{1371B861-1691-406C-99F0-542D800DB79D}.Release|x86.Build.0 = Release|Win32
		{6FAB33AE-C04A-4A37-8809-620F0F448010}.Debug|x64.ActiveCfg = Debug|x64
		{6FAB33AE-C04A-4A37-8809-620F0F448010}.Debug|x64.Build.0 = Debug|x64
		{6FAB33AE-C04A-4A37-8809-620F0F448010}.Debug|x86.ActiveCfg = Debug|Win32
		{6FAB33AE-C04A-4A37-8809-620F0F448010}.Debug|x86.Build.0 = Debug|Win32
		{6FAB33AE-C04A-4A37-8809-620F0F448010}.Release|x64.ActiveCfg = Release|x64
		{6FAB33AE-C04A-4A37-8809-620F0F448010}.Release|x64.Build.0 = Release|x64
		{6FAB33AE-C04A-4A37-8809-620F0F448010}.Release|x86.ActiveCfg = Release|Win32
		{6FAB33AE-C04A-4A37-8809-620F0F448010}.Release|x86.Build.0 = Release|Win32
		{F57182C0-B64E-40E4-9170-62C048FCA499}.Debug|x64.ActiveCfg = Debug|x64
		{F57182C0-B64E-40E4-9170-62C048FCA499}.Debug|x64.Build.0 = Debug|x64
		{F57182C0-B64E-40E4-9170-62C048FCA499}.Debug|x86.ActiveCfg = Debug|Win32
		{F57182C0-B64E-40E4-9170-62C048FCA499}.Debug|x86.Build.0 = Debug|Win32
		{F57182C0-B64E-40E4-9170-62C048FCA499}.Release|x64.ActiveCfg = Release|x64
		{F57182C0-B64E-40E4-9170-62C048FCA499}.Release|x64.Build.0 = Release|x64
		{F57182C0-B64E-40E4-9170-62C048FCA499}.Release|x86.ActiveCfg = Release|Win32
		{F57182C0-B64E-40E4-9170-62C048FCA499}.Release|x86.Build.0 = Release|Win32
		{F0445EEA-B241-4825-BF03-A3AE89F61477}.Debug|x64.ActiveCfg = Debug|x64
		{F0445EEA-B241-4825-BF03-A3AE89F61477}.Debug|x64.Build.0 = Debug|x64
		{F0445EEA-B241-4825-BF03-A3AE89F61477}.Debug|x86.ActiveCfg = Debug|Win32
		{F0445EEA-B241-4825-BF03-A3AE89F61477}.Debug|x86.Build.0 = Debug|Win32
		{F0445EEA-B241-4825-BF03-A3AE89F61477}.Release|x64.ActiveCfg = Release|x64
		{F0445EEA-B241-4825-BF03-A3AE89F61477}.Release|x64.Build.0 = Release|x64
		{F0445EEA-B241-4825-BF03-A3AE89F61477}.Release|x86.ActiveCfg = Release|Win32
		{F0445EEA-B241-4825-BF03-A3AE89F61477}.Release|x86.Build.0 = Release|Win32
		{21200AC8-C7EB-4DAC-A229-045DAB6B33D8}.Debug|x64.ActiveCfg = Debug|x64
		{21200AC8-C7EB-4DAC-A229-045DAB6B33D8}.Debug|x64.Build.0 = Debug|x64
		{21200AC8-C7EB-4DAC-A229-045DAB6B33D8}.Debug|x86.ActiveCfg = Debug|Win32
		{21200AC8-C7EB-4DAC-A229-045DAB6B33D8}.Debug|x86.Build.0 = Debug|Win32
		{21200AC8-C7EB-4DAC-A229-045DAB6B33D8}.Release|x64.ActiveCfg = Release|x64
		{21200AC8-C7EB-4DAC-A229-045DAB6B33D8}.Release|x64.Build.0 = Release|x64
		{21200AC8-C7EB-4DAC-A229-045DAB6B33D8}.Release|x86.ActiveCfg = Release|Win32
		{21200AC8-C7EB-4DAC-A229-045DAB6B33D8}.Release|x86.Build.0 = Release|Win32
		{CEC3F6B9-580A-4FB9-BD31-1BE44EE1ED75}.Debug|x64.ActiveCfg = Debug|x64
		{CEC3F6B9-580A-4FB9-BD31-1BE44EE1ED75}.Debug|x64.Build.0 = Debug|x64
		{CEC3F6B9-580A-4FB9-BD31-1BE44EE1ED75}.Debug|x86.ActiveCfg = Debug|Win32
		{CEC3F6B9-580A-4FB9-BD31-1BE44EE1ED75}.Debug|x86.Build.0 = Debug|Win32
		{CEC3F6B9-580A-4FB9-BD31-1BE44EE1ED75}.Release|x64.ActiveCfg = Release|x64
		{CEC3F6B9-580A-4FB9-BD31-1BE44EE1ED75}.Release|x64.Build.0 = Release|x64
		{CEC3F6B9-580A-4FB9-BD31-1BE44EE1ED75}.Release|x86.ActiveCfg = Release|Win32
		{CEC3F6B9-580A-4FB9-BD31-1BE44EE1ED75}.Release|x86.Build.0 = Release|Win32
		{EB1EEAC8-F4F5-446A-8A0F-5F74697D35AB}.Debug|x64.ActiveCfg = Debug|x64
		{EB1EEAC8-F4F5-446A-8A0F-5F74697D35AB}.Debug|x64.Build.0 = Debug|x64
		{EB1EEAC8-F4F5-446A-8A0F-5F74697D35AB}.Debug|x86.ActiveCfg = Debug|Win32
		{EB1EEAC8-F4F5-446A-8A0F-5F74697D35AB}.Debug|x86.Build.0 = Debug|Win32
		{EB1EEAC8-F4F5-446A-8A0F-5F74697D35AB}.Release|x64.ActiveCfg = Release|x64
		{EB1EEAC8-F4F5-446A-8A0F-5F74697D35AB}.Release|x64.Build.0 = Release|x64
		{EB1EEAC8-F4F5-446A-8A0F-5F74697D35AB}.Release|x86.ActiveCfg = Release|Win32
		{EB1EEAC8-F4F5-446A-8A0F-5F74697D35AB}.Release|x86.Build.0 = Release|Win32
		{48C45E32-C6ED-4BC3-94A7-F06CB207E5B8}.Debug|x64.ActiveCfg = Debug|x64
		{48C45E32-C6ED-4BC3-94A7-F06CB207E5B8}.Debug|x64.Build.0 = Debug|x64
		{48C45E32-C6ED-4BC3-94A7-F06CB207E5B8}.Debug|x86.ActiveCfg = Debug|Win32
		{48C45E32-C6ED-4BC3-94A7-F06CB207E5B8}.Debug|x86.Build.0 = Debug|Win32
		{48C45E32-C6ED-4BC3-94A7-F06CB207E5B8}.Release|x64.ActiveCfg = Release|x64
		{48C45E32-C6ED-4BC3-94A7-F06CB207E5B8}.Release|x64.Build.0 = Release|x64
		{48C45E32-C6ED-4BC3-94A7-F06CB207E5B8}.Release|x86.ActiveCfg = Release|Win32
		{48C45E32-C6ED-4BC3-94A7-F06CB207E5B8}.Release|x86.Build.0 = Release|Win32
	EndGlobalSection
	GlobalSection(SolutionProperties) = preSolution
		HideSolutionNode = FALSE
	EndGlobalSection
	GlobalSection(ExtensibilityGlobals) = postSolution
		SolutionGuid = {132AA21D-4CEF-4CB8-A0CD-747C0CEDB584}
	EndGlobalSection
EndGlobal
